
Microsoft Visual Studio Solution File, Format Version 12.00
Project("{FAE04EC0-301F-11D3-BF4B-00C04F79EFBC}") = "SummationStabilityAnalyzer", "SummationStabilityAnalyzer\SummationStabilityAnalyzer.csproj", "{141654E1-0500-4CD4-8F1A-D3730D18EEB3}"
EndProject
Project("{FAE04EC0-301F-11D3-BF4B-00C04F79EFBC}") = "NumericalStability.Tests", "NumericalStability.Tests\NumericalStability.Tests.csproj", "{C61FC2AB-1E64-4A8C-B459-D7D78E5D1B16}"
EndProject
Global
	GlobalSection(SolutionConfigurationPlatforms) = preSolution
		Debug|Any CPU = Debug|Any CPU
		Release|Any CPU = Release|Any CPU
	EndGlobalSection
	GlobalSection(ProjectConfigurationPlatforms) = postSolution
		{141654E1-0500-4CD4-8F1A-D3730D18EEB3}.Debug|Any CPU.ActiveCfg = Debug|Any CPU
		{141654E1-0500-4CD4-8F1A-D3730D18EEB3}.Debug|Any CPU.Build.0 = Debug|Any CPU
		{141654E1-0500-4CD4-8F1A-D3730D18EEB3}.Release|Any CPU.ActiveCfg = Release|Any CPU
		{141654E1-0500-4CD4-8F1A-D3730D18EEB3}.Release|Any CPU.Build.0 = Release|Any CPU
		{C61FC2AB-1E64-4A8C-B459-D7D78E5D1B16}.Debug|Any CPU.ActiveCfg = Debug|Any CPU
		{C61FC2AB-1E64-4A8C-B459-D7D78E5D1B16}.Debug|Any CPU.Build.0 = Debug|Any CPU
		{C61FC2AB-1E64-4A8C-B459-D7D78E5D1B16}.Release|Any CPU.ActiveCfg = Release|Any CPU
		{C61FC2AB-1E64-4A8C-B459-D7D78E5D1B16}.Release|Any CPU.Build.0 = Release|Any CPU
	EndGlobalSection
EndGlobal
